
Microsoft Visual Studio Solution File, Format Version 12.00
# Visual Studio Version 17
VisualStudioVersion = 17.4.33213.308
MinimumVisualStudioVersion = 10.0.40219.1
Project("{FAE04EC0-301F-11D3-BF4B-00C04F79EFBC}") = "Week13SQliteDB", "Week13SQliteDB\Week13SQliteDB.csproj", "{81E6541B-6C2C-4B89-B86C-D4A5B98A772E}"
EndProject
Global
	GlobalSection(SolutionConfigurationPlatforms) = preSolution
		Debug|Any CPU = Debug|Any CPU
		Release|Any CPU = Release|Any CPU
	EndGlobalSection
	GlobalSection(ProjectConfigurationPlatforms) = postSolution
		{81E6541B-6C2C-4B89-B86C-D4A5B98A772E}.Debug|Any CPU.ActiveCfg = Debug|Any CPU
		{81E6541B-6C2C-4B89-B86C-D4A5B98A772E}.Debug|Any CPU.Build.0 = Debug|Any CPU
		{81E6541B-6C2C-4B89-B86C-D4A5B98A772E}.Release|Any CPU.ActiveCfg = Release|Any CPU
		{81E6541B-6C2C-4B89-B86C-D4A5B98A772E}.Release|Any CPU.Build.0 = Release|Any CPU
	EndGlobalSection
	GlobalSection(SolutionProperties) = preSolution
		HideSolutionNode = FALSE
	EndGlobalSection
	GlobalSection(ExtensibilityGlobals) = postSolution
		SolutionGuid = {D67169A0-46D7-4730-A2FF-59805599F5F1}
	EndGlobalSection
EndGlobal
